// !$*UTF8*$!
{
	archiveVersion = 1;
	classes = {
	};
	objectVersion = 50;
	objects = {

/* Begin PBXBuildFile section */
		55F6CA072100D7F600E48728 /* AppDelegate.swift in Sources */ = {isa = PBXBuildFile; fileRef = 55F6CA062100D7F600E48728 /* AppDelegate.swift */; };
		55F6CA092100D7F600E48728 /* ViewController.swift in Sources */ = {isa = PBXBuildFile; fileRef = 55F6CA082100D7F600E48728 /* ViewController.swift */; };
		55F6CA0C2100D7F600E48728 /* Main.storyboard in Resources */ = {isa = PBXBuildFile; fileRef = 55F6CA0A2100D7F600E48728 /* Main.storyboard */; };
		55F6CA0F2100D7F600E48728 /* DataRoutr.xcdatamodeld in Sources */ = {isa = PBXBuildFile; fileRef = 55F6CA0D2100D7F600E48728 /* DataRoutr.xcdatamodeld */; };
		55F6CA112100D7F700E48728 /* Assets.xcassets in Resources */ = {isa = PBXBuildFile; fileRef = 55F6CA102100D7F700E48728 /* Assets.xcassets */; };
		55F6CA142100D7F700E48728 /* LaunchScreen.storyboard in Resources */ = {isa = PBXBuildFile; fileRef = 55F6CA122100D7F700E48728 /* LaunchScreen.storyboard */; };
		55F6CA1F2100D7F700E48728 /* DataRoutrTests.swift in Sources */ = {isa = PBXBuildFile; fileRef = 55F6CA1E2100D7F700E48728 /* DataRoutrTests.swift */; };
		55F6CA2A2100D7F700E48728 /* DataRoutrUITests.swift in Sources */ = {isa = PBXBuildFile; fileRef = 55F6CA292100D7F700E48728 /* DataRoutrUITests.swift */; };
/* End PBXBuildFile section */

/* Begin PBXContainerItemProxy section */
		55F6CA1B2100D7F700E48728 /* PBXContainerItemProxy */ = {
			isa = PBXContainerItemProxy;
			containerPortal = 55F6C9FB2100D7F500E48728 /* Project object */;
			proxyType = 1;
			remoteGlobalIDString = 55F6CA022100D7F500E48728;
			remoteInfo = DataRoutr;
		};
		55F6CA262100D7F700E48728 /* PBXContainerItemProxy */ = {
			isa = PBXContainerItemProxy;
			containerPortal = 55F6C9FB2100D7F500E48728 /* Project object */;
			proxyType = 1;
			remoteGlobalIDString = 55F6CA022100D7F500E48728;
			remoteInfo = DataRoutr;
		};
/* End PBXContainerItemProxy section */

/* Begin PBXFileReference section */
		55F6CA032100D7F600E48728 /* DataRoutr.app */ = {isa = PBXFileReference; explicitFileType = wrapper.application; includeInIndex = 0; path = DataRoutr.app; sourceTree = BUILT_PRODUCTS_DIR; };
		55F6CA062100D7F600E48728 /* AppDelegate.swift */ = {isa = PBXFileReference; lastKnownFileType = sourcecode.swift; path = AppDelegate.swift; sourceTree = "<group>"; };
		55F6CA082100D7F600E48728 /* ViewController.swift */ = {isa = PBXFileReference; lastKnownFileType = sourcecode.swift; path = ViewController.swift; sourceTree = "<group>"; };
		55F6CA0B2100D7F600E48728 /* Base */ = {isa = PBXFileReference; lastKnownFileType = file.storyboard; name = Base; path = Base.lproj/Main.storyboard; sourceTree = "<group>"; };
		55F6CA0E2100D7F600E48728 /* DataRoutr.xcdatamodel */ = {isa = PBXFileReference; lastKnownFileType = wrapper.xcdatamodel; path = DataRoutr.xcdatamodel; sourceTree = "<group>"; };
		55F6CA102100D7F700E48728 /* Assets.xcassets */ = {isa = PBXFileReference; lastKnownFileType = folder.assetcatalog; path = Assets.xcassets; sourceTree = "<group>"; };
		55F6CA132100D7F700E48728 /* Base */ = {isa = PBXFileReference; lastKnownFileType = file.storyboard; name = Base; path = Base.lproj/LaunchScreen.storyboard; sourceTree = "<group>"; };
		55F6CA152100D7F700E48728 /* Info.plist */ = {isa = PBXFileReference; lastKnownFileType = text.plist.xml; path = Info.plist; sourceTree = "<group>"; };
		55F6CA1A2100D7F700E48728 /* DataRoutrTests.xctest */ = {isa = PBXFileReference; explicitFileType = wrapper.cfbundle; includeInIndex = 0; path = DataRoutrTests.xctest; sourceTree = BUILT_PRODUCTS_DIR; };
		55F6CA1E2100D7F700E48728 /* DataRoutrTests.swift */ = {isa = PBXFileReference; lastKnownFileType = sourcecode.swift; path = DataRoutrTests.swift; sourceTree = "<group>"; };
		55F6CA202100D7F700E48728 /* Info.plist */ = {isa = PBXFileReference; lastKnownFileType = text.plist.xml; path = Info.plist; sourceTree = "<group>"; };
		55F6CA252100D7F700E48728 /* DataRoutrUITests.xctest */ = {isa = PBXFileReference; explicitFileType = wrapper.cfbundle; includeInIndex = 0; path = DataRoutrUITests.xctest; sourceTree = BUILT_PRODUCTS_DIR; };
		55F6CA292100D7F700E48728 /* DataRoutrUITests.swift */ = {isa = PBXFileReference; lastKnownFileType = sourcecode.swift; path = DataRoutrUITests.swift; sourceTree = "<group>"; };
		55F6CA2B2100D7F700E48728 /* Info.plist */ = {isa = PBXFileReference; lastKnownFileType = text.plist.xml; path = Info.plist; sourceTree = "<group>"; };
/* End PBXFileReference section */

/* Begin PBXFrameworksBuildPhase section */
		55F6CA002100D7F500E48728 /* Frameworks */ = {
			isa = PBXFrameworksBuildPhase;
			buildActionMask = 2147483647;
			files = (
			);
			runOnlyForDeploymentPostprocessing = 0;
		};
		55F6CA172100D7F700E48728 /* Frameworks */ = {
			isa = PBXFrameworksBuildPhase;
			buildActionMask = 2147483647;
			files = (
			);
			runOnlyForDeploymentPostprocessing = 0;
		};
		55F6CA222100D7F700E48728 /* Frameworks */ = {
			isa = PBXFrameworksBuildPhase;
			buildActionMask = 2147483647;
			files = (
			);
			runOnlyForDeploymentPostprocessing = 0;
		};
/* End PBXFrameworksBuildPhase section */

/* Begin PBXGroup section */
		55F6C9FA2100D7F500E48728 = {
			isa = PBXGroup;
			children = (
				55F6CA052100D7F600E48728 /* DataRoutr */,
				55F6CA1D2100D7F700E48728 /* DataRoutrTests */,
				55F6CA282100D7F700E48728 /* DataRoutrUITests */,
				55F6CA042100D7F600E48728 /* Products */,
			);
			sourceTree = "<group>";
		};
		55F6CA042100D7F600E48728 /* Products */ = {
			isa = PBXGroup;
			children = (
				55F6CA032100D7F600E48728 /* DataRoutr.app */,
				55F6CA1A2100D7F700E48728 /* DataRoutrTests.xctest */,
				55F6CA252100D7F700E48728 /* DataRoutrUITests.xctest */,
			);
			name = Products;
			sourceTree = "<group>";
		};
		55F6CA052100D7F600E48728 /* DataRoutr */ = {
			isa = PBXGroup;
			children = (
				55F6CA062100D7F600E48728 /* AppDelegate.swift */,
				55F6CA082100D7F600E48728 /* ViewController.swift */,
				55F6CA0A2100D7F600E48728 /* Main.storyboard */,
				55F6CA102100D7F700E48728 /* Assets.xcassets */,
				55F6CA122100D7F700E48728 /* LaunchScreen.storyboard */,
				55F6CA152100D7F700E48728 /* Info.plist */,
				55F6CA0D2100D7F600E48728 /* DataRoutr.xcdatamodeld */,
			);
			path = DataRoutr;
			sourceTree = "<group>";
		};
		55F6CA1D2100D7F700E48728 /* DataRoutrTests */ = {
			isa = PBXGroup;
			children = (
				55F6CA1E2100D7F700E48728 /* DataRoutrTests.swift */,
				55F6CA202100D7F700E48728 /* Info.plist */,
			);
			path = DataRoutrTests;
			sourceTree = "<group>";
		};
		55F6CA282100D7F700E48728 /* DataRoutrUITests */ = {
			isa = PBXGroup;
			children = (
				55F6CA292100D7F700E48728 /* DataRoutrUITests.swift */,
				55F6CA2B2100D7F700E48728 /* Info.plist */,
			);
			path = DataRoutrUITests;
			sourceTree = "<group>";
		};
/* End PBXGroup section */

/* Begin PBXNativeTarget section */
		55F6CA022100D7F500E48728 /* DataRoutr */ = {
			isa = PBXNativeTarget;
			buildConfigurationList = 55F6CA2E2100D7F800E48728 /* Build configuration list for PBXNativeTarget "DataRoutr" */;
			buildPhases = (
				55F6C9FF2100D7F500E48728 /* Sources */,
				55F6CA002100D7F500E48728 /* Frameworks */,
				55F6CA012100D7F500E48728 /* Resources */,
			);
			buildRules = (
			);
			dependencies = (
			);
			name = DataRoutr;
			productName = DataRoutr;
			productReference = 55F6CA032100D7F600E48728 /* DataRoutr.app */;
			productType = "com.apple.product-type.application";
		};
		55F6CA192100D7F700E48728 /* DataRoutrTests */ = {
			isa = PBXNativeTarget;
			buildConfigurationList = 55F6CA312100D7F800E48728 /* Build configuration list for PBXNativeTarget "DataRoutrTests" */;
			buildPhases = (
				55F6CA162100D7F700E48728 /* Sources */,
				55F6CA172100D7F700E48728 /* Frameworks */,
				55F6CA182100D7F700E48728 /* Resources */,
			);
			buildRules = (
			);
			dependencies = (
				55F6CA1C2100D7F700E48728 /* PBXTargetDependency */,
			);
			name = DataRoutrTests;
			productName = DataRoutrTests;
			productReference = 55F6CA1A2100D7F700E48728 /* DataRoutrTests.xctest */;
			productType = "com.apple.product-type.bundle.unit-test";
		};
		55F6CA242100D7F700E48728 /* DataRoutrUITests */ = {
			isa = PBXNativeTarget;
			buildConfigurationList = 55F6CA342100D7F800E48728 /* Build configuration list for PBXNativeTarget "DataRoutrUITests" */;
			buildPhases = (
				55F6CA212100D7F700E48728 /* Sources */,
				55F6CA222100D7F700E48728 /* Frameworks */,
				55F6CA232100D7F700E48728 /* Resources */,
			);
			buildRules = (
			);
			dependencies = (
				55F6CA272100D7F700E48728 /* PBXTargetDependency */,
			);
			name = DataRoutrUITests;
			productName = DataRoutrUITests;
			productReference = 55F6CA252100D7F700E48728 /* DataRoutrUITests.xctest */;
			productType = "com.apple.product-type.bundle.ui-testing";
		};
/* End PBXNativeTarget section */

/* Begin PBXProject section */
		55F6C9FB2100D7F500E48728 /* Project object */ = {
			isa = PBXProject;
			attributes = {
				LastSwiftUpdateCheck = 0940;
				LastUpgradeCheck = 0940;
				ORGANIZATIONNAME = "Zukosky,Jonah";
				TargetAttributes = {
					55F6CA022100D7F500E48728 = {
						CreatedOnToolsVersion = 9.4.1;
					};
					55F6CA192100D7F700E48728 = {
						CreatedOnToolsVersion = 9.4.1;
						TestTargetID = 55F6CA022100D7F500E48728;
					};
					55F6CA242100D7F700E48728 = {
						CreatedOnToolsVersion = 9.4.1;
						TestTargetID = 55F6CA022100D7F500E48728;
					};
				};
			};
			buildConfigurationList = 55F6C9FE2100D7F500E48728 /* Build configuration list for PBXProject "DataRoutr" */;
			compatibilityVersion = "Xcode 9.3";
			developmentRegion = en;
			hasScannedForEncodings = 0;
			knownRegions = (
				en,
				Base,
			);
			mainGroup = 55F6C9FA2100D7F500E48728;
			productRefGroup = 55F6CA042100D7F600E48728 /* Products */;
			projectDirPath = "";
			projectRoot = "";
			targets = (
				55F6CA022100D7F500E48728 /* DataRoutr */,
				55F6CA192100D7F700E48728 /* DataRoutrTests */,
				55F6CA242100D7F700E48728 /* DataRoutrUITests */,
			);
		};
/* End PBXProject section */

/* Begin PBXResourcesBuildPhase section */
		55F6CA012100D7F500E48728 /* Resources */ = {
			isa = PBXResourcesBuildPhase;
			buildActionMask = 2147483647;
			files = (
				55F6CA142100D7F700E48728 /* LaunchScreen.storyboard in Resources */,
				55F6CA112100D7F700E48728 /* Assets.xcassets in Resources */,
				55F6CA0C2100D7F600E48728 /* Main.storyboard in Resources */,
			);
			runOnlyForDeploymentPostprocessing = 0;
		};
		55F6CA182100D7F700E48728 /* Resources */ = {
			isa = PBXResourcesBuildPhase;
			buildActionMask = 2147483647;
			files = (
			);
			runOnlyForDeploymentPostprocessing = 0;
		};
		55F6CA232100D7F700E48728 /* Resources */ = {
			isa = PBXResourcesBuildPhase;
			buildActionMask = 2147483647;
			files = (
			);
			runOnlyForDeploymentPostprocessing = 0;
		};
/* End PBXResourcesBuildPhase section */

/* Begin PBXSourcesBuildPhase section */
		55F6C9FF2100D7F500E48728 /* Sources */ = {
			isa = PBXSourcesBuildPhase;
			buildActionMask = 2147483647;
			files = (
				55F6CA092100D7F600E48728 /* ViewController.swift in Sources */,
				55F6CA0F2100D7F600E48728 /* DataRoutr.xcdatamodeld in Sources */,
				55F6CA072100D7F600E48728 /* AppDelegate.swift in Sources */,
			);
			runOnlyForDeploymentPostprocessing = 0;
		};
		55F6CA162100D7F700E48728 /* Sources */ = {
			isa = PBXSourcesBuildPhase;
			buildActionMask = 2147483647;
			files = (
				55F6CA1F2100D7F700E48728 /* DataRoutrTests.swift in Sources */,
			);
			runOnlyForDeploymentPostprocessing = 0;
		};
		55F6CA212100D7F700E48728 /* Sources */ = {
			isa = PBXSourcesBuildPhase;
			buildActionMask = 2147483647;
			files = (
				55F6CA2A2100D7F700E48728 /* DataRoutrUITests.swift in Sources */,
			);
			runOnlyForDeploymentPostprocessing = 0;
		};
/* End PBXSourcesBuildPhase section */

/* Begin PBXTargetDependency section */
		55F6CA1C2100D7F700E48728 /* PBXTargetDependency */ = {
			isa = PBXTargetDependency;
			target = 55F6CA022100D7F500E48728 /* DataRoutr */;
			targetProxy = 55F6CA1B2100D7F700E48728 /* PBXContainerItemProxy */;
		};
		55F6CA272100D7F700E48728 /* PBXTargetDependency */ = {
			isa = PBXTargetDependency;
			target = 55F6CA022100D7F500E48728 /* DataRoutr */;
			targetProxy = 55F6CA262100D7F700E48728 /* PBXContainerItemProxy */;
		};
/* End PBXTargetDependency section */

/* Begin PBXVariantGroup section */
		55F6CA0A2100D7F600E48728 /* Main.storyboard */ = {
			isa = PBXVariantGroup;
			children = (
				55F6CA0B2100D7F600E48728 /* Base */,
			);
			name = Main.storyboard;
			sourceTree = "<group>";
		};
		55F6CA122100D7F700E48728 /* LaunchScreen.storyboard */ = {
			isa = PBXVariantGroup;
			children = (
				55F6CA132100D7F700E48728 /* Base */,
			);
			name = LaunchScreen.storyboard;
			sourceTree = "<group>";
		};
/* End PBXVariantGroup section */

/* Begin XCBuildConfiguration section */
		55F6CA2C2100D7F800E48728 /* Debug */ = {
			isa = XCBuildConfiguration;
			buildSettings = {
				ALWAYS_SEARCH_USER_PATHS = NO;
				CLANG_ANALYZER_NONNULL = YES;
				CLANG_ANALYZER_NUMBER_OBJECT_CONVERSION = YES_AGGRESSIVE;
				CLANG_CXX_LANGUAGE_STANDARD = "gnu++14";
				CLANG_CXX_LIBRARY = "libc++";
				CLANG_ENABLE_MODULES = YES;
				CLANG_ENABLE_OBJC_ARC = YES;
				CLANG_ENABLE_OBJC_WEAK = YES;
				CLANG_WARN_BLOCK_CAPTURE_AUTORELEASING = YES;
				CLANG_WARN_BOOL_CONVERSION = YES;
				CLANG_WARN_COMMA = YES;
				CLANG_WARN_CONSTANT_CONVERSION = YES;
				CLANG_WARN_DEPRECATED_OBJC_IMPLEMENTATIONS = YES;
				CLANG_WARN_DIRECT_OBJC_ISA_USAGE = YES_ERROR;
				CLANG_WARN_DOCUMENTATION_COMMENTS = YES;
				CLANG_WARN_EMPTY_BODY = YES;
				CLANG_WARN_ENUM_CONVERSION = YES;
				CLANG_WARN_INFINITE_RECURSION = YES;
				CLANG_WARN_INT_CONVERSION = YES;
				CLANG_WARN_NON_LITERAL_NULL_CONVERSION = YES;
				CLANG_WARN_OBJC_IMPLICIT_RETAIN_SELF = YES;
				CLANG_WARN_OBJC_LITERAL_CONVERSION = YES;
				CLANG_WARN_OBJC_ROOT_CLASS = YES_ERROR;
				CLANG_WARN_RANGE_LOOP_ANALYSIS = YES;
				CLANG_WARN_STRICT_PROTOTYPES = YES;
				CLANG_WARN_SUSPICIOUS_MOVE = YES;
				CLANG_WARN_UNGUARDED_AVAILABILITY = YES_AGGRESSIVE;
				CLANG_WARN_UNREACHABLE_CODE = YES;
				CLANG_WARN__DUPLICATE_METHOD_MATCH = YES;
				CODE_SIGN_IDENTITY = "iPhone Developer";
				COPY_PHASE_STRIP = NO;
				DEBUG_INFORMATION_FORMAT = dwarf;
				ENABLE_STRICT_OBJC_MSGSEND = YES;
				ENABLE_TESTABILITY = YES;
				GCC_C_LANGUAGE_STANDARD = gnu11;
				GCC_DYNAMIC_NO_PIC = NO;
				GCC_NO_COMMON_BLOCKS = YES;
				GCC_OPTIMIZATION_LEVEL = 0;
				GCC_PREPROCESSOR_DEFINITIONS = (
					"DEBUG=1",
					"$(inherited)",
				);
				GCC_WARN_64_TO_32_BIT_CONVERSION = YES;
				GCC_WARN_ABOUT_RETURN_TYPE = YES_ERROR;
				GCC_WARN_UNDECLARED_SELECTOR = YES;
				GCC_WARN_UNINITIALIZED_AUTOS = YES_AGGRESSIVE;
				GCC_WARN_UNUSED_FUNCTION = YES;
				GCC_WARN_UNUSED_VARIABLE = YES;
				IPHONEOS_DEPLOYMENT_TARGET = 11.4;
				MTL_ENABLE_DEBUG_INFO = YES;
				ONLY_ACTIVE_ARCH = YES;
				SDKROOT = iphoneos;
				SWIFT_ACTIVE_COMPILATION_CONDITIONS = DEBUG;
				SWIFT_OPTIMIZATION_LEVEL = "-Onone";
			};
			name = Debug;
		};
		55F6CA2D2100D7F800E48728 /* Release */ = {
			isa = XCBuildConfiguration;
			buildSettings = {
				ALWAYS_SEARCH_USER_PATHS = NO;
				CLANG_ANALYZER_NONNULL = YES;
				CLANG_ANALYZER_NUMBER_OBJECT_CONVERSION = YES_AGGRESSIVE;
				CLANG_CXX_LANGUAGE_STANDARD = "gnu++14";
				CLANG_CXX_LIBRARY = "libc++";
				CLANG_ENABLE_MODULES = YES;
				CLANG_ENABLE_OBJC_ARC = YES;
				CLANG_ENABLE_OBJC_WEAK = YES;
				CLANG_WARN_BLOCK_CAPTURE_AUTORELEASING = YES;
				CLANG_WARN_BOOL_CONVERSION = YES;
				CLANG_WARN_COMMA = YES;
				CLANG_WARN_CONSTANT_CONVERSION = YES;
				CLANG_WARN_DEPRECATED_OBJC_IMPLEMENTATIONS = YES;
				CLANG_WARN_DIRECT_OBJC_ISA_USAGE = YES_ERROR;
				CLANG_WARN_DOCUMENTATION_COMMENTS = YES;
				CLANG_WARN_EMPTY_BODY = YES;
				CLANG_WARN_ENUM_CONVERSION = YES;
				CLANG_WARN_INFINITE_RECURSION = YES;
				CLANG_WARN_INT_CONVERSION = YES;
				CLANG_WARN_NON_LITERAL_NULL_CONVERSION = YES;
				CLANG_WARN_OBJC_IMPLICIT_RETAIN_SELF = YES;
				CLANG_WARN_OBJC_LITERAL_CONVERSION = YES;
				CLANG_WARN_OBJC_ROOT_CLASS = YES_ERROR;
				CLANG_WARN_RANGE_LOOP_ANALYSIS = YES;
				CLANG_WARN_STRICT_PROTOTYPES = YES;
				CLANG_WARN_SUSPICIOUS_MOVE = YES;
				CLANG_WARN_UNGUARDED_AVAILABILITY = YES_AGGRESSIVE;
				CLANG_WARN_UNREACHABLE_CODE = YES;
				CLANG_WARN__DUPLICATE_METHOD_MATCH = YES;
				CODE_SIGN_IDENTITY = "iPhone Developer";
				COPY_PHASE_STRIP = NO;
				DEBUG_INFORMATION_FORMAT = "dwarf-with-dsym";
				ENABLE_NS_ASSERTIONS = NO;
				ENABLE_STRICT_OBJC_MSGSEND = YES;
				GCC_C_LANGUAGE_STANDARD = gnu11;
				GCC_NO_COMMON_BLOCKS = YES;
				GCC_WARN_64_TO_32_BIT_CONVERSION = YES;
				GCC_WARN_ABOUT_RETURN_TYPE = YES_ERROR;
				GCC_WARN_UNDECLARED_SELECTOR = YES;
				GCC_WARN_UNINITIALIZED_AUTOS = YES_AGGRESSIVE;
				GCC_WARN_UNUSED_FUNCTION = YES;
				GCC_WARN_UNUSED_VARIABLE = YES;
				IPHONEOS_DEPLOYMENT_TARGET = 11.4;
				MTL_ENABLE_DEBUG_INFO = NO;
				SDKROOT = iphoneos;
				SWIFT_COMPILATION_MODE = wholemodule;
				SWIFT_OPTIMIZATION_LEVEL = "-O";
				VALIDATE_PRODUCT = YES;
			};
			name = Release;
		};
		55F6CA2F2100D7F800E48728 /* Debug */ = {
			isa = XCBuildConfiguration;
			buildSettings = {
				ASSETCATALOG_COMPILER_APPICON_NAME = AppIcon;
				CODE_SIGN_STYLE = Automatic;
				INFOPLIST_FILE = DataRoutr/Info.plist;
				LD_RUNPATH_SEARCH_PATHS = (
					"$(inherited)",
					"@executable_path/Frameworks",
				);
				PRODUCT_BUNDLE_IDENTIFIER = edu.missouri.DataRoutr;
				PRODUCT_NAME = "$(TARGET_NAME)";
				SWIFT_VERSION = 4.0;
				TARGETED_DEVICE_FAMILY = "1,2";
			};
			name = Debug;
		};
		55F6CA302100D7F800E48728 /* Release */ = {
			isa = XCBuildConfiguration;
			buildSettings = {
				ASSETCATALOG_COMPILER_APPICON_NAME = AppIcon;
				CODE_SIGN_STYLE = Automatic;
				INFOPLIST_FILE = DataRoutr/Info.plist;
				LD_RUNPATH_SEARCH_PATHS = (
					"$(inherited)",
					"@executable_path/Frameworks",
				);
				PRODUCT_BUNDLE_IDENTIFIER = edu.missouri.DataRoutr;
				PRODUCT_NAME = "$(TARGET_NAME)";
				SWIFT_VERSION = 4.0;
				TARGETED_DEVICE_FAMILY = "1,2";
			};
			name = Release;
		};
		55F6CA322100D7F800E48728 /* Debug */ = {
			isa = XCBuildConfiguration;
			buildSettings = {
				ALWAYS_EMBED_SWIFT_STANDARD_LIBRARIES = YES;
				BUNDLE_LOADER = "$(TEST_HOST)";
				CODE_SIGN_STYLE = Automatic;
				INFOPLIST_FILE = DataRoutrTests/Info.plist;
				LD_RUNPATH_SEARCH_PATHS = (
					"$(inherited)",
					"@executable_path/Frameworks",
					"@loader_path/Frameworks",
				);
				PRODUCT_BUNDLE_IDENTIFIER = edu.missouri.DataRoutrTests;
				PRODUCT_NAME = "$(TARGET_NAME)";
				SWIFT_VERSION = 4.0;
				TARGETED_DEVICE_FAMILY = "1,2";
				TEST_HOST = "$(BUILT_PRODUCTS_DIR)/DataRoutr.app/DataRoutr";
			};
			name = Debug;
		};
		55F6CA332100D7F800E48728 /* Release */ = {
			isa = XCBuildConfiguration;
			buildSettings = {
				ALWAYS_EMBED_SWIFT_STANDARD_LIBRARIES = YES;
				BUNDLE_LOADER = "$(TEST_HOST)";
				CODE_SIGN_STYLE = Automatic;
				INFOPLIST_FILE = DataRoutrTests/Info.plist;
				LD_RUNPATH_SEARCH_PATHS = (
					"$(inherited)",
					"@executable_path/Frameworks",
					"@loader_path/Frameworks",
				);
				PRODUCT_BUNDLE_IDENTIFIER = edu.missouri.DataRoutrTests;
				PRODUCT_NAME = "$(TARGET_NAME)";
				SWIFT_VERSION = 4.0;
				TARGETED_DEVICE_FAMILY = "1,2";
				TEST_HOST = "$(BUILT_PRODUCTS_DIR)/DataRoutr.app/DataRoutr";
			};
			name = Release;
		};
		55F6CA352100D7F800E48728 /* Debug */ = {
			isa = XCBuildConfiguration;
			buildSettings = {
				ALWAYS_EMBED_SWIFT_STANDARD_LIBRARIES = YES;
				CODE_SIGN_STYLE = Automatic;
				INFOPLIST_FILE = DataRoutrUITests/Info.plist;
				LD_RUNPATH_SEARCH_PATHS = (
					"$(inherited)",
					"@executable_path/Frameworks",
					"@loader_path/Frameworks",
				);
				PRODUCT_BUNDLE_IDENTIFIER = edu.missouri.DataRoutrUITests;
				PRODUCT_NAME = "$(TARGET_NAME)";
				SWIFT_VERSION = 4.0;
				TARGETED_DEVICE_FAMILY = "1,2";
				TEST_TARGET_NAME = DataRoutr;
			};
			name = Debug;
		};
		55F6CA362100D7F800E48728 /* Release */ = {
			isa = XCBuildConfiguration;
			buildSettings = {
				ALWAYS_EMBED_SWIFT_STANDARD_LIBRARIES = YES;
				CODE_SIGN_STYLE = Automatic;
				INFOPLIST_FILE = DataRoutrUITests/Info.plist;
				LD_RUNPATH_SEARCH_PATHS = (
					"$(inherited)",
					"@executable_path/Frameworks",
					"@loader_path/Frameworks",
				);
				PRODUCT_BUNDLE_IDENTIFIER = edu.missouri.DataRoutrUITests;
				PRODUCT_NAME = "$(TARGET_NAME)";
				SWIFT_VERSION = 4.0;
				TARGETED_DEVICE_FAMILY = "1,2";
				TEST_TARGET_NAME = DataRoutr;
			};
			name = Release;
		};
/* End XCBuildConfiguration section */

/* Begin XCConfigurationList section */
		55F6C9FE2100D7F500E48728 /* Build configuration list for PBXProject "DataRoutr" */ = {
			isa = XCConfigurationList;
			buildConfigurations = (
				55F6CA2C2100D7F800E48728 /* Debug */,
				55F6CA2D2100D7F800E48728 /* Release */,
			);
			defaultConfigurationIsVisible = 0;
			defaultConfigurationName = Release;
		};
		55F6CA2E2100D7F800E48728 /* Build configuration list for PBXNativeTarget "DataRoutr" */ = {
			isa = XCConfigurationList;
			buildConfigurations = (
				55F6CA2F2100D7F800E48728 /* Debug */,
				55F6CA302100D7F800E48728 /* Release */,
			);
			defaultConfigurationIsVisible = 0;
			defaultConfigurationName = Release;
		};
		55F6CA312100D7F800E48728 /* Build configuration list for PBXNativeTarget "DataRoutrTests" */ = {
			isa = XCConfigurationList;
			buildConfigurations = (
				55F6CA322100D7F800E48728 /* Debug */,
				55F6CA332100D7F800E48728 /* Release */,
			);
			defaultConfigurationIsVisible = 0;
			defaultConfigurationName = Release;
		};
		55F6CA342100D7F800E48728 /* Build configuration list for PBXNativeTarget "DataRoutrUITests" */ = {
			isa = XCConfigurationList;
			buildConfigurations = (
				55F6CA352100D7F800E48728 /* Debug */,
				55F6CA362100D7F800E48728 /* Release */,
			);
			defaultConfigurationIsVisible = 0;
			defaultConfigurationName = Release;
		};
/* End XCConfigurationList section */

/* Begin XCVersionGroup section */
		55F6CA0D2100D7F600E48728 /* DataRoutr.xcdatamodeld */ = {
			isa = XCVersionGroup;
			children = (
				55F6CA0E2100D7F600E48728 /* DataRoutr.xcdatamodel */,
			);
			currentVersion = 55F6CA0E2100D7F600E48728 /* DataRoutr.xcdatamodel */;
			path = DataRoutr.xcdatamodeld;
			sourceTree = "<group>";
			versionGroupType = wrapper.xcdatamodel;
		};
/* End XCVersionGroup section */
	};
	rootObject = 55F6C9FB2100D7F500E48728 /* Project object */;
}
